
Microsoft Visual Studio Solution File, Format Version 12.00
# Visual Studio Version 16
VisualStudioVersion = 16.0.30320.27
MinimumVisualStudioVersion = 10.0.40219.1
Project("{FAE04EC0-301F-11D3-BF4B-00C04F79EFBC}") = "OrderManagementTool", "OrderManagementTool.csproj", "{013EDFD1-0B6F-47AC-99FD-B8F14848F746}"
EndProject
Global
	GlobalSection(SolutionConfigurationPlatforms) = preSolution
		Debug|Any CPU = Debug|Any CPU
		Release|Any CPU = Release|Any CPU
	EndGlobalSection
	GlobalSection(ProjectConfigurationPlatforms) = postSolution
		{013EDFD1-0B6F-47AC-99FD-B8F14848F746}.Debug|Any CPU.ActiveCfg = Debug|Any CPU
		{013EDFD1-0B6F-47AC-99FD-B8F14848F746}.Debug|Any CPU.Build.0 = Debug|Any CPU
		{013EDFD1-0B6F-47AC-99FD-B8F14848F746}.Release|Any CPU.ActiveCfg = Release|Any CPU
		{013EDFD1-0B6F-47AC-99FD-B8F14848F746}.Release|Any CPU.Build.0 = Release|Any CPU
	EndGlobalSection
	GlobalSection(SolutionProperties) = preSolution
		HideSolutionNode = FALSE
	EndGlobalSection
	GlobalSection(ExtensibilityGlobals) = postSolution
		SolutionGuid = {0FC7E5B2-8E1B-448D-A0AF-E4FFBDA4F0B4}
	EndGlobalSection
EndGlobal
